{
  "name": "caccin-monitor",
  "version": "1.0.0",
  "lockfileVersion": 3,
  "requires": true,
  "packages": {
    "": {
      "name": "caccin-monitor",
      "version": "1.0.0",
      "dependencies": {
        "nodemailer": "^6.9.12"
      },
      "devDependencies": {
        "@playwright/test": "^1.42.0"
      }
    }
  }
}
